
Microsoft Visual Studio Solution File, Format Version 12.00
# Visual Studio Version 16
VisualStudioVersion = 16.0.30804.86
MinimumVisualStudioVersion = 10.0.40219.1
Project("{FAE04EC0-301F-11D3-BF4B-00C04F79EFBC}") = "MoviesLuv", "MoviesLuv.csproj", "{42BE15D6-F294-4038-94CC-1E7248C2F177}"
EndProject
Global
	GlobalSection(SolutionConfigurationPlatforms) = preSolution
		Debug|Any CPU = Debug|Any CPU
		Release|Any CPU = Release|Any CPU
	EndGlobalSection
	GlobalSection(ProjectConfigurationPlatforms) = postSolution
		{42BE15D6-F294-4038-94CC-1E7248C2F177}.Debug|Any CPU.ActiveCfg = Debug|Any CPU
		{42BE15D6-F294-4038-94CC-1E7248C2F177}.Debug|Any CPU.Build.0 = Debug|Any CPU
		{42BE15D6-F294-4038-94CC-1E7248C2F177}.Release|Any CPU.ActiveCfg = Release|Any CPU
		{42BE15D6-F294-4038-94CC-1E7248C2F177}.Release|Any CPU.Build.0 = Release|Any CPU
	EndGlobalSection
	GlobalSection(SolutionProperties) = preSolution
		HideSolutionNode = FALSE
	EndGlobalSection
	GlobalSection(ExtensibilityGlobals) = postSolution
		SolutionGuid = {EC57E21D-7315-4D52-8FF1-DB3B3D35FD95}
	EndGlobalSection
EndGlobal
